
Microsoft Visual Studio Solution File, Format Version 12.00
# Visual Studio Version 17
VisualStudioVersion = 17.4.33205.214
MinimumVisualStudioVersion = 10.0.40219.1
Project("{FAE04EC0-301F-11D3-BF4B-00C04F79EFBC}") = "LibraryManagerConsole", "LibraryManagerConsole\LibraryManagerConsole.csproj", "{78341033-9204-41DF-A318-FCAFC8752117}"
EndProject
Project("{FAE04EC0-301F-11D3-BF4B-00C04F79EFBC}") = "LibraryManagerConsole.Core", "LibraryManagerConsole.Core\LibraryManagerConsole.Core.csproj", "{05E0E277-ACF7-4D00-AC5A-8E4CDC6DFDD6}"
EndProject
Project("{FAE04EC0-301F-11D3-BF4B-00C04F79EFBC}") = "LibraryManagerConsole.Infrastructure", "LibraryManagerConsole.Infrastructure\LibraryManagerConsole.Infrastructure.csproj", "{448D663C-3B0E-4E22-9838-83AAE4FCA871}"
EndProject
Global
	GlobalSection(SolutionConfigurationPlatforms) = preSolution
		Debug|Any CPU = Debug|Any CPU
		Release|Any CPU = Release|Any CPU
	EndGlobalSection
	GlobalSection(ProjectConfigurationPlatforms) = postSolution
		{78341033-9204-41DF-A318-FCAFC8752117}.Debug|Any CPU.ActiveCfg = Debug|Any CPU
		{78341033-9204-41DF-A318-FCAFC8752117}.Debug|Any CPU.Build.0 = Debug|Any CPU
		{78341033-9204-41DF-A318-FCAFC8752117}.Release|Any CPU.ActiveCfg = Release|Any CPU
		{78341033-9204-41DF-A318-FCAFC8752117}.Release|Any CPU.Build.0 = Release|Any CPU
		{05E0E277-ACF7-4D00-AC5A-8E4CDC6DFDD6}.Debug|Any CPU.ActiveCfg = Debug|Any CPU
		{05E0E277-ACF7-4D00-AC5A-8E4CDC6DFDD6}.Debug|Any CPU.Build.0 = Debug|Any CPU
		{05E0E277-ACF7-4D00-AC5A-8E4CDC6DFDD6}.Release|Any CPU.ActiveCfg = Release|Any CPU
		{05E0E277-ACF7-4D00-AC5A-8E4CDC6DFDD6}.Release|Any CPU.Build.0 = Release|Any CPU
		{448D663C-3B0E-4E22-9838-83AAE4FCA871}.Debug|Any CPU.ActiveCfg = Debug|Any CPU
		{448D663C-3B0E-4E22-9838-83AAE4FCA871}.Debug|Any CPU.Build.0 = Debug|Any CPU
		{448D663C-3B0E-4E22-9838-83AAE4FCA871}.Release|Any CPU.ActiveCfg = Release|Any CPU
		{448D663C-3B0E-4E22-9838-83AAE4FCA871}.Release|Any CPU.Build.0 = Release|Any CPU
	EndGlobalSection
	GlobalSection(SolutionProperties) = preSolution
		HideSolutionNode = FALSE
	EndGlobalSection
	GlobalSection(ExtensibilityGlobals) = postSolution
		SolutionGuid = {35B7F3A6-E064-47C0-8638-2C0C9F1C7623}
	EndGlobalSection
EndGlobal
